
Microsoft Visual Studio Solution File, Format Version 12.00
# Visual Studio Version 17
VisualStudioVersion = 17.10.35122.118
MinimumVisualStudioVersion = 10.0.40219.1
Project("{9A19103F-16F7-4668-BE54-9A1E7A4F7556}") = "CoreHtmlToImageWArgs", "CoreHtmlToImage\CoreHtmlToImageWArgs.csproj", "{463C9F1F-7E99-4538-AA22-04796CDF2A94}"
EndProject
Project("{9A19103F-16F7-4668-BE54-9A1E7A4F7556}") = "CoreHtmlToImage.Console", "CoreHtmlToImage.Console\CoreHtmlToImage.Console.csproj", "{9EF827C7-2076-4F0C-BBCA-51001D26E9EC}"
EndProject
Global
	GlobalSection(SolutionConfigurationPlatforms) = preSolution
		Debug|Any CPU = Debug|Any CPU
		Release|Any CPU = Release|Any CPU
	EndGlobalSection
	GlobalSection(ProjectConfigurationPlatforms) = postSolution
		{463C9F1F-7E99-4538-AA22-04796CDF2A94}.Debug|Any CPU.ActiveCfg = Debug|Any CPU
		{463C9F1F-7E99-4538-AA22-04796CDF2A94}.Debug|Any CPU.Build.0 = Debug|Any CPU
		{463C9F1F-7E99-4538-AA22-04796CDF2A94}.Release|Any CPU.ActiveCfg = Release|Any CPU
		{463C9F1F-7E99-4538-AA22-04796CDF2A94}.Release|Any CPU.Build.0 = Release|Any CPU
		{9EF827C7-2076-4F0C-BBCA-51001D26E9EC}.Debug|Any CPU.ActiveCfg = Debug|Any CPU
		{9EF827C7-2076-4F0C-BBCA-51001D26E9EC}.Debug|Any CPU.Build.0 = Debug|Any CPU
		{9EF827C7-2076-4F0C-BBCA-51001D26E9EC}.Release|Any CPU.ActiveCfg = Release|Any CPU
		{9EF827C7-2076-4F0C-BBCA-51001D26E9EC}.Release|Any CPU.Build.0 = Release|Any CPU
	EndGlobalSection
	GlobalSection(SolutionProperties) = preSolution
		HideSolutionNode = FALSE
	EndGlobalSection
	GlobalSection(ExtensibilityGlobals) = postSolution
		SolutionGuid = {E50378FB-DD2E-4212-A1A6-9093E6B7C676}
	EndGlobalSection
EndGlobal
